
Microsoft Visual Studio Solution File, Format Version 12.00
# Visual Studio Version 17
VisualStudioVersion = 17.14.37328.6
MinimumVisualStudioVersion = 10.0.40219.1
Project("{2150E333-8FDC-42A3-9474-1A3956D46DE8}") = "src", "src", "{02EA681E-C7D8-13C7-8484-4AC65E1B71E8}"
EndProject
Project("{2150E333-8FDC-42A3-9474-1A3956D46DE8}") = "test", "test", "{0F72B5A5-0545-4146-8EB5-492F7AC5801F}"
EndProject
Project("{2150E333-8FDC-42A3-9474-1A3956D46DE8}") = "docs", "docs", "{FFF75E28-F0F9-4F7F-851E-1F092653A3C9}"
EndProject
Project("{2150E333-8FDC-42A3-9474-1A3956D46DE8}") = "BuildingBlocks", "BuildingBlocks", "{B8934404-A972-4632-9CAD-2A66E20E3C4F}"
EndProject
Project("{2150E333-8FDC-42A3-9474-1A3956D46DE8}") = "Gateway", "Gateway", "{E33B144D-D330-40B6-A5D8-3BA875294200}"
EndProject
Project("{2150E333-8FDC-42A3-9474-1A3956D46DE8}") = "Services", "Services", "{0B2B3BC5-1FC7-4934-BA95-DE05E651DEBA}"
EndProject
Project("{2150E333-8FDC-42A3-9474-1A3956D46DE8}") = "Common", "Common", "{799D3C59-CFB7-49DE-AF56-D761C9CE9B30}"
EndProject
Project("{2150E333-8FDC-42A3-9474-1A3956D46DE8}") = "Logging", "Logging", "{45207197-81E8-4F91-A165-560E36B3AA53}"
EndProject
Project("{2150E333-8FDC-42A3-9474-1A3956D46DE8}") = "EventBus", "EventBus", "{7759FF2C-4AD1-4F29-B963-1C3601CCE2A4}"
EndProject
Project("{2150E333-8FDC-42A3-9474-1A3956D46DE8}") = "HealthChecks", "HealthChecks", "{612D13C4-61AF-4886-A777-4B42CE5BAF53}"
EndProject
Project("{2150E333-8FDC-42A3-9474-1A3956D46DE8}") = "Observability", "Observability", "{EA3EA13C-6334-4165-907B-57F000044B84}"
EndProject
Project("{FAE04EC0-301F-11D3-BF4B-00C04F79EFBC}") = "AtlasCommerce.BuildingBlocks.Common", "src\BuildingBlocks\Common\AtlasCommerce.BuildingBlocks.Common\AtlasCommerce.BuildingBlocks.Common.csproj", "{BF8B64A7-E145-419C-8791-FB0F20B02A3C}"
EndProject
Project("{FAE04EC0-301F-11D3-BF4B-00C04F79EFBC}") = "AtlasCommerce.BuildingBlocks.EventBus", "src\BuildingBlocks\EventBus\AtlasCommerce.BuildingBlocks.EventBus\AtlasCommerce.BuildingBlocks.EventBus.csproj", "{379F5EE9-68FD-4106-B665-DE01D5CF854E}"
EndProject
Project("{FAE04EC0-301F-11D3-BF4B-00C04F79EFBC}") = "AtlasCommerce.BuildingBlocks.HealthChecks", "src\BuildingBlocks\HealthChecks\AtlasCommerce.BuildingBlocks.HealthChecks\AtlasCommerce.BuildingBlocks.HealthChecks.csproj", "{AB3B1300-B122-44C0-9D4D-3F4AB2B819DF}"
EndProject
Project("{FAE04EC0-301F-11D3-BF4B-00C04F79EFBC}") = "AtlasCommerce.BuildingBlocks.Logging", "src\BuildingBlocks\Logging\AtlasCommerce.BuildingBlocks.Logging\AtlasCommerce.BuildingBlocks.Logging.csproj", "{4DF91B8F-708E-4276-8E06-3BE006660988}"
EndProject
Project("{FAE04EC0-301F-11D3-BF4B-00C04F79EFBC}") = "AtlasCommerce.BuildingBlocks.Observability", "src\BuildingBlocks\Observability\AtlasCommerce.BuildingBlocks.Observability\AtlasCommerce.BuildingBlocks.Observability.csproj", "{827A153E-F83D-4B42-BC00-94EA5F2123D4}"
EndProject
Project("{2150E333-8FDC-42A3-9474-1A3956D46DE8}") = "Identity", "Identity", "{82778A85-5DEF-4171-AEF7-A7EC6DC91149}"
EndProject
Project("{2150E333-8FDC-42A3-9474-1A3956D46DE8}") = "Catalog", "Catalog", "{CE0F073E-A099-4E49-9237-03CB5FC9E571}"
EndProject
Project("{2150E333-8FDC-42A3-9474-1A3956D46DE8}") = "Order", "Order", "{1824F7A5-E4E6-4B7E-9305-A01C7218A9EA}"
EndProject
Project("{2150E333-8FDC-42A3-9474-1A3956D46DE8}") = "Basket", "Basket", "{C260C684-2488-4A82-82C1-935C448B37ED}"
EndProject
Project("{2150E333-8FDC-42A3-9474-1A3956D46DE8}") = "Search", "Search", "{604F313A-503B-46C4-8202-E4A6B461A589}"
EndProject
Project("{FAE04EC0-301F-11D3-BF4B-00C04F79EFBC}") = "Basket.API", "src\Services\Basket\Basket.API\Basket.API.csproj", "{989A7A42-73BD-43F6-AE99-1339D87DE30E}"
EndProject
Project("{FAE04EC0-301F-11D3-BF4B-00C04F79EFBC}") = "Catalog.API", "src\Services\Catalog\Catalog.API\Catalog.API.csproj", "{C586E6A0-0871-4FED-AA06-5947D6ED22E4}"
EndProject
Project("{FAE04EC0-301F-11D3-BF4B-00C04F79EFBC}") = "Identity.API", "src\Services\Identity\Identity.API\Identity.API.csproj", "{EBDD4C09-AEDD-4069-8365-04A2E44766A5}"
EndProject
Project("{FAE04EC0-301F-11D3-BF4B-00C04F79EFBC}") = "Order.API", "src\Services\Order\Order.API\Order.API.csproj", "{468CBDB4-2C38-4BA9-B7FD-B007B7E3AEE5}"
EndProject
Project("{FAE04EC0-301F-11D3-BF4B-00C04F79EFBC}") = "Search.API", "src\Services\Search\Search.API\Search.API.csproj", "{83F7F1F1-725C-4228-9A41-6BD3B5FDE8FD}"
EndProject
Project("{2150E333-8FDC-42A3-9474-1A3956D46DE8}") = "Solution Items", "Solution Items", "{8EC462FD-D22E-90A8-E5CE-7E832BA40C5D}"
	ProjectSection(SolutionItems) = preProject
		.env = .env
		.env.example = .env.example
		.gitignore = .gitignore
		docker-compose.yml = docker-compose.yml
	EndProjectSection
EndProject
Project("{FAE04EC0-301F-11D3-BF4B-00C04F79EFBC}") = "Identity.Domain", "src\Services\Identity\Identity.Domain\Identity.Domain.csproj", "{32946DD9-2B26-45B5-923A-B7D2E763C519}"
EndProject
Project("{FAE04EC0-301F-11D3-BF4B-00C04F79EFBC}") = "Identity.Application", "src\Services\Identity\Identity.Application\Identity.Application.csproj", "{5CD003B0-7DA0-4A36-A15B-9A70D5CE38EE}"
EndProject
Project("{FAE04EC0-301F-11D3-BF4B-00C04F79EFBC}") = "Identity.Infrastructure", "src\Services\Identity\Identity.Infrastructure\Identity.Infrastructure.csproj", "{405FD8CF-34FA-491D-8303-46FC15E11049}"
EndProject
Project("{FAE04EC0-301F-11D3-BF4B-00C04F79EFBC}") = "Catalog.Domain", "src\Services\Catalog\Catalog.Domain\Catalog.Domain.csproj", "{925F8C24-5A60-4843-B77D-0D7BBE0D681E}"
EndProject
Project("{FAE04EC0-301F-11D3-BF4B-00C04F79EFBC}") = "Catalog.Application", "src\Services\Catalog\Catalog.Application\Catalog.Application.csproj", "{BA016287-BB0F-423A-9400-55E70C973CF0}"
EndProject
Project("{FAE04EC0-301F-11D3-BF4B-00C04F79EFBC}") = "Catalog.Infrastructure", "src\Services\Catalog\Catalog.Infrastructure\Catalog.Infrastructure.csproj", "{0F1685F9-1F44-423C-BDC6-EAD4913D0C84}"
EndProject
Global
	GlobalSection(SolutionConfigurationPlatforms) = preSolution
		Debug|Any CPU = Debug|Any CPU
		Release|Any CPU = Release|Any CPU
	EndGlobalSection
	GlobalSection(ProjectConfigurationPlatforms) = postSolution
		{BF8B64A7-E145-419C-8791-FB0F20B02A3C}.Debug|Any CPU.ActiveCfg = Debug|Any CPU
		{BF8B64A7-E145-419C-8791-FB0F20B02A3C}.Debug|Any CPU.Build.0 = Debug|Any CPU
		{BF8B64A7-E145-419C-8791-FB0F20B02A3C}.Release|Any CPU.ActiveCfg = Release|Any CPU
		{BF8B64A7-E145-419C-8791-FB0F20B02A3C}.Release|Any CPU.Build.0 = Release|Any CPU
		{379F5EE9-68FD-4106-B665-DE01D5CF854E}.Debug|Any CPU.ActiveCfg = Debug|Any CPU
		{379F5EE9-68FD-4106-B665-DE01D5CF854E}.Debug|Any CPU.Build.0 = Debug|Any CPU
		{379F5EE9-68FD-4106-B665-DE01D5CF854E}.Release|Any CPU.ActiveCfg = Release|Any CPU
		{379F5EE9-68FD-4106-B665-DE01D5CF854E}.Release|Any CPU.Build.0 = Release|Any CPU
		{AB3B1300-B122-44C0-9D4D-3F4AB2B819DF}.Debug|Any CPU.ActiveCfg = Debug|Any CPU
		{AB3B1300-B122-44C0-9D4D-3F4AB2B819DF}.Debug|Any CPU.Build.0 = Debug|Any CPU
		{AB3B1300-B122-44C0-9D4D-3F4AB2B819DF}.Release|Any CPU.ActiveCfg = Release|Any CPU
		{AB3B1300-B122-44C0-9D4D-3F4AB2B819DF}.Release|Any CPU.Build.0 = Release|Any CPU
		{4DF91B8F-708E-4276-8E06-3BE006660988}.Debug|Any CPU.ActiveCfg = Debug|Any CPU
		{4DF91B8F-708E-4276-8E06-3BE006660988}.Debug|Any CPU.Build.0 = Debug|Any CPU
		{4DF91B8F-708E-4276-8E06-3BE006660988}.Release|Any CPU.ActiveCfg = Release|Any CPU
		{4DF91B8F-708E-4276-8E06-3BE006660988}.Release|Any CPU.Build.0 = Release|Any CPU
		{827A153E-F83D-4B42-BC00-94EA5F2123D4}.Debug|Any CPU.ActiveCfg = Debug|Any CPU
		{827A153E-F83D-4B42-BC00-94EA5F2123D4}.Debug|Any CPU.Build.0 = Debug|Any CPU
		{827A153E-F83D-4B42-BC00-94EA5F2123D4}.Release|Any CPU.ActiveCfg = Release|Any CPU
		{827A153E-F83D-4B42-BC00-94EA5F2123D4}.Release|Any CPU.Build.0 = Release|Any CPU
		{989A7A42-73BD-43F6-AE99-1339D87DE30E}.Debug|Any CPU.ActiveCfg = Debug|Any CPU
		{989A7A42-73BD-43F6-AE99-1339D87DE30E}.Debug|Any CPU.Build.0 = Debug|Any CPU
		{989A7A42-73BD-43F6-AE99-1339D87DE30E}.Release|Any CPU.ActiveCfg = Release|Any CPU
		{989A7A42-73BD-43F6-AE99-1339D87DE30E}.Release|Any CPU.Build.0 = Release|Any CPU
		{C586E6A0-0871-4FED-AA06-5947D6ED22E4}.Debug|Any CPU.ActiveCfg = Debug|Any CPU
		{C586E6A0-0871-4FED-AA06-5947D6ED22E4}.Debug|Any CPU.Build.0 = Debug|Any CPU
		{C586E6A0-0871-4FED-AA06-5947D6ED22E4}.Release|Any CPU.ActiveCfg = Release|Any CPU
		{C586E6A0-0871-4FED-AA06-5947D6ED22E4}.Release|Any CPU.Build.0 = Release|Any CPU
		{EBDD4C09-AEDD-4069-8365-04A2E44766A5}.Debug|Any CPU.ActiveCfg = Debug|Any CPU
		{EBDD4C09-AEDD-4069-8365-04A2E44766A5}.Debug|Any CPU.Build.0 = Debug|Any CPU
		{EBDD4C09-AEDD-4069-8365-04A2E44766A5}.Release|Any CPU.ActiveCfg = Release|Any CPU
		{EBDD4C09-AEDD-4069-8365-04A2E44766A5}.Release|Any CPU.Build.0 = Release|Any CPU
		{468CBDB4-2C38-4BA9-B7FD-B007B7E3AEE5}.Debug|Any CPU.ActiveCfg = Debug|Any CPU
		{468CBDB4-2C38-4BA9-B7FD-B007B7E3AEE5}.Debug|Any CPU.Build.0 = Debug|Any CPU
		{468CBDB4-2C38-4BA9-B7FD-B007B7E3AEE5}.Release|Any CPU.ActiveCfg = Release|Any CPU
		{468CBDB4-2C38-4BA9-B7FD-B007B7E3AEE5}.Release|Any CPU.Build.0 = Release|Any CPU
		{83F7F1F1-725C-4228-9A41-6BD3B5FDE8FD}.Debug|Any CPU.ActiveCfg = Debug|Any CPU
		{83F7F1F1-725C-4228-9A41-6BD3B5FDE8FD}.Debug|Any CPU.Build.0 = Debug|Any CPU
		{83F7F1F1-725C-4228-9A41-6BD3B5FDE8FD}.Release|Any CPU.ActiveCfg = Release|Any CPU
		{83F7F1F1-725C-4228-9A41-6BD3B5FDE8FD}.Release|Any CPU.Build.0 = Release|Any CPU
		{32946DD9-2B26-45B5-923A-B7D2E763C519}.Debug|Any CPU.ActiveCfg = Debug|Any CPU
		{32946DD9-2B26-45B5-923A-B7D2E763C519}.Debug|Any CPU.Build.0 = Debug|Any CPU
		{32946DD9-2B26-45B5-923A-B7D2E763C519}.Release|Any CPU.ActiveCfg = Release|Any CPU
		{32946DD9-2B26-45B5-923A-B7D2E763C519}.Release|Any CPU.Build.0 = Release|Any CPU
		{5CD003B0-7DA0-4A36-A15B-9A70D5CE38EE}.Debug|Any CPU.ActiveCfg = Debug|Any CPU
		{5CD003B0-7DA0-4A36-A15B-9A70D5CE38EE}.Debug|Any CPU.Build.0 = Debug|Any CPU
		{5CD003B0-7DA0-4A36-A15B-9A70D5CE38EE}.Release|Any CPU.ActiveCfg = Release|Any CPU
		{5CD003B0-7DA0-4A36-A15B-9A70D5CE38EE}.Release|Any CPU.Build.0 = Release|Any CPU
		{405FD8CF-34FA-491D-8303-46FC15E11049}.Debug|Any CPU.ActiveCfg = Debug|Any CPU
		{405FD8CF-34FA-491D-8303-46FC15E11049}.Debug|Any CPU.Build.0 = Debug|Any CPU
		{405FD8CF-34FA-491D-8303-46FC15E11049}.Release|Any CPU.ActiveCfg = Release|Any CPU
		{405FD8CF-34FA-491D-8303-46FC15E11049}.Release|Any CPU.Build.0 = Release|Any CPU
		{925F8C24-5A60-4843-B77D-0D7BBE0D681E}.Debug|Any CPU.ActiveCfg = Debug|Any CPU
		{925F8C24-5A60-4843-B77D-0D7BBE0D681E}.Debug|Any CPU.Build.0 = Debug|Any CPU
		{925F8C24-5A60-4843-B77D-0D7BBE0D681E}.Release|Any CPU.ActiveCfg = Release|Any CPU
		{925F8C24-5A60-4843-B77D-0D7BBE0D681E}.Release|Any CPU.Build.0 = Release|Any CPU
		{BA016287-BB0F-423A-9400-55E70C973CF0}.Debug|Any CPU.ActiveCfg = Debug|Any CPU
		{BA016287-BB0F-423A-9400-55E70C973CF0}.Debug|Any CPU.Build.0 = Debug|Any CPU
		{BA016287-BB0F-423A-9400-55E70C973CF0}.Release|Any CPU.ActiveCfg = Release|Any CPU
		{BA016287-BB0F-423A-9400-55E70C973CF0}.Release|Any CPU.Build.0 = Release|Any CPU
		{0F1685F9-1F44-423C-BDC6-EAD4913D0C84}.Debug|Any CPU.ActiveCfg = Debug|Any CPU
		{0F1685F9-1F44-423C-BDC6-EAD4913D0C84}.Debug|Any CPU.Build.0 = Debug|Any CPU
		{0F1685F9-1F44-423C-BDC6-EAD4913D0C84}.Release|Any CPU.ActiveCfg = Release|Any CPU
		{0F1685F9-1F44-423C-BDC6-EAD4913D0C84}.Release|Any CPU.Build.0 = Release|Any CPU
	EndGlobalSection
	GlobalSection(SolutionProperties) = preSolution
		HideSolutionNode = FALSE
	EndGlobalSection
	GlobalSection(NestedProjects) = preSolution
		{B8934404-A972-4632-9CAD-2A66E20E3C4F} = {02EA681E-C7D8-13C7-8484-4AC65E1B71E8}
		{E33B144D-D330-40B6-A5D8-3BA875294200} = {02EA681E-C7D8-13C7-8484-4AC65E1B71E8}
		{0B2B3BC5-1FC7-4934-BA95-DE05E651DEBA} = {02EA681E-C7D8-13C7-8484-4AC65E1B71E8}
		{799D3C59-CFB7-49DE-AF56-D761C9CE9B30} = {B8934404-A972-4632-9CAD-2A66E20E3C4F}
		{45207197-81E8-4F91-A165-560E36B3AA53} = {B8934404-A972-4632-9CAD-2A66E20E3C4F}
		{7759FF2C-4AD1-4F29-B963-1C3601CCE2A4} = {B8934404-A972-4632-9CAD-2A66E20E3C4F}
		{612D13C4-61AF-4886-A777-4B42CE5BAF53} = {B8934404-A972-4632-9CAD-2A66E20E3C4F}
		{EA3EA13C-6334-4165-907B-57F000044B84} = {B8934404-A972-4632-9CAD-2A66E20E3C4F}
		{BF8B64A7-E145-419C-8791-FB0F20B02A3C} = {799D3C59-CFB7-49DE-AF56-D761C9CE9B30}
		{379F5EE9-68FD-4106-B665-DE01D5CF854E} = {7759FF2C-4AD1-4F29-B963-1C3601CCE2A4}
		{AB3B1300-B122-44C0-9D4D-3F4AB2B819DF} = {612D13C4-61AF-4886-A777-4B42CE5BAF53}
		{4DF91B8F-708E-4276-8E06-3BE006660988} = {45207197-81E8-4F91-A165-560E36B3AA53}
		{827A153E-F83D-4B42-BC00-94EA5F2123D4} = {EA3EA13C-6334-4165-907B-57F000044B84}
		{82778A85-5DEF-4171-AEF7-A7EC6DC91149} = {0B2B3BC5-1FC7-4934-BA95-DE05E651DEBA}
		{CE0F073E-A099-4E49-9237-03CB5FC9E571} = {0B2B3BC5-1FC7-4934-BA95-DE05E651DEBA}
		{1824F7A5-E4E6-4B7E-9305-A01C7218A9EA} = {0B2B3BC5-1FC7-4934-BA95-DE05E651DEBA}
		{C260C684-2488-4A82-82C1-935C448B37ED} = {0B2B3BC5-1FC7-4934-BA95-DE05E651DEBA}
		{604F313A-503B-46C4-8202-E4A6B461A589} = {0B2B3BC5-1FC7-4934-BA95-DE05E651DEBA}
		{989A7A42-73BD-43F6-AE99-1339D87DE30E} = {C260C684-2488-4A82-82C1-935C448B37ED}
		{C586E6A0-0871-4FED-AA06-5947D6ED22E4} = {CE0F073E-A099-4E49-9237-03CB5FC9E571}
		{EBDD4C09-AEDD-4069-8365-04A2E44766A5} = {82778A85-5DEF-4171-AEF7-A7EC6DC91149}
		{468CBDB4-2C38-4BA9-B7FD-B007B7E3AEE5} = {1824F7A5-E4E6-4B7E-9305-A01C7218A9EA}
		{83F7F1F1-725C-4228-9A41-6BD3B5FDE8FD} = {604F313A-503B-46C4-8202-E4A6B461A589}
		{32946DD9-2B26-45B5-923A-B7D2E763C519} = {82778A85-5DEF-4171-AEF7-A7EC6DC91149}
		{5CD003B0-7DA0-4A36-A15B-9A70D5CE38EE} = {82778A85-5DEF-4171-AEF7-A7EC6DC91149}
		{405FD8CF-34FA-491D-8303-46FC15E11049} = {82778A85-5DEF-4171-AEF7-A7EC6DC91149}
		{925F8C24-5A60-4843-B77D-0D7BBE0D681E} = {CE0F073E-A099-4E49-9237-03CB5FC9E571}
		{BA016287-BB0F-423A-9400-55E70C973CF0} = {CE0F073E-A099-4E49-9237-03CB5FC9E571}
		{0F1685F9-1F44-423C-BDC6-EAD4913D0C84} = {CE0F073E-A099-4E49-9237-03CB5FC9E571}
	EndGlobalSection
	GlobalSection(ExtensibilityGlobals) = postSolution
		SolutionGuid = {C26D8A8E-8C7A-4468-999D-7A3AC07D46B0}
	EndGlobalSection
EndGlobal
